// !$*UTF8*$!
{
	archiveVersion = 1;
	classes = {
	};
	objectVersion = 56;
	objects = {

/* Begin PBXBuildFile section */
		CEB289372AAF9825003D2599 /* PostsViewController.swift in Sources */ = {isa = PBXBuildFile; fileRef = CEB289352AAF9825003D2599 /* PostsViewController.swift */; };
		CEB289382AAF9825003D2599 /* PostsViewController.xib in Resources */ = {isa = PBXBuildFile; fileRef = CEB289362AAF9825003D2599 /* PostsViewController.xib */; };
		CEB2893A2AAF9A72003D2599 /* PostsViewModel.swift in Sources */ = {isa = PBXBuildFile; fileRef = CEB289392AAF9A72003D2599 /* PostsViewModel.swift */; };
		CEB2893C2AAF9AA4003D2599 /* EndpointProvider.swift in Sources */ = {isa = PBXBuildFile; fileRef = CEB2893B2AAF9AA4003D2599 /* EndpointProvider.swift */; };
		CEB2893F2AAF9D00003D2599 /* PostDetailsViewModel.swift in Sources */ = {isa = PBXBuildFile; fileRef = CEB2893E2AAF9D00003D2599 /* PostDetailsViewModel.swift */; };
		CEB289412AAF9E2E003D2599 /* PostResponse.swift in Sources */ = {isa = PBXBuildFile; fileRef = CEB289402AAF9E2E003D2599 /* PostResponse.swift */; };
		CEB289432AAF9E54003D2599 /* PostDetailsResponse.swift in Sources */ = {isa = PBXBuildFile; fileRef = CEB289422AAF9E54003D2599 /* PostDetailsResponse.swift */; };
		CEB289472AAF9F61003D2599 /* UIViewController+Extensions.swift in Sources */ = {isa = PBXBuildFile; fileRef = CEB289462AAF9F61003D2599 /* UIViewController+Extensions.swift */; };
		CEC27F4F2AA2336400F63D94 /* AppDelegate.swift in Sources */ = {isa = PBXBuildFile; fileRef = CEC27F4E2AA2336400F63D94 /* AppDelegate.swift */; };
		CEC27F512AA2336400F63D94 /* SceneDelegate.swift in Sources */ = {isa = PBXBuildFile; fileRef = CEC27F502AA2336400F63D94 /* SceneDelegate.swift */; };
		CEC27F582AA2336600F63D94 /* Assets.xcassets in Resources */ = {isa = PBXBuildFile; fileRef = CEC27F572AA2336600F63D94 /* Assets.xcassets */; };
		CEC27F5B2AA2336600F63D94 /* LaunchScreen.storyboard in Resources */ = {isa = PBXBuildFile; fileRef = CEC27F592AA2336600F63D94 /* LaunchScreen.storyboard */; };
		CEC598272AB420200064F27F /* DetailController.swift in Sources */ = {isa = PBXBuildFile; fileRef = CEC598252AB420200064F27F /* DetailController.swift */; };
		CEC598282AB420200064F27F /* DetailController.xib in Resources */ = {isa = PBXBuildFile; fileRef = CEC598262AB420200064F27F /* DetailController.xib */; };
		CED612F62AA3D235000ADC64 /* Post.swift in Sources */ = {isa = PBXBuildFile; fileRef = CED612F52AA3D235000ADC64 /* Post.swift */; };
		CEDF5C612AA658740051F363 /* PostCell.swift in Sources */ = {isa = PBXBuildFile; fileRef = CEDF5C5F2AA658740051F363 /* PostCell.swift */; };
		CEDF5C622AA658740051F363 /* PostCell.xib in Resources */ = {isa = PBXBuildFile; fileRef = CEDF5C602AA658740051F363 /* PostCell.xib */; };
/* End PBXBuildFile section */

/* Begin PBXFileReference section */
		CEB289352AAF9825003D2599 /* PostsViewController.swift */ = {isa = PBXFileReference; lastKnownFileType = sourcecode.swift; path = PostsViewController.swift; sourceTree = "<group>"; };
		CEB289362AAF9825003D2599 /* PostsViewController.xib */ = {isa = PBXFileReference; lastKnownFileType = file.xib; path = PostsViewController.xib; sourceTree = "<group>"; };
		CEB289392AAF9A72003D2599 /* PostsViewModel.swift */ = {isa = PBXFileReference; lastKnownFileType = sourcecode.swift; path = PostsViewModel.swift; sourceTree = "<group>"; };
		CEB2893B2AAF9AA4003D2599 /* EndpointProvider.swift */ = {isa = PBXFileReference; lastKnownFileType = sourcecode.swift; path = EndpointProvider.swift; sourceTree = "<group>"; };
		CEB2893E2AAF9D00003D2599 /* PostDetailsViewModel.swift */ = {isa = PBXFileReference; lastKnownFileType = sourcecode.swift; path = PostDetailsViewModel.swift; sourceTree = "<group>"; };
		CEB289402AAF9E2E003D2599 /* PostResponse.swift */ = {isa = PBXFileReference; lastKnownFileType = sourcecode.swift; path = PostResponse.swift; sourceTree = "<group>"; };
		CEB289422AAF9E54003D2599 /* PostDetailsResponse.swift */ = {isa = PBXFileReference; lastKnownFileType = sourcecode.swift; path = PostDetailsResponse.swift; sourceTree = "<group>"; };
		CEB289462AAF9F61003D2599 /* UIViewController+Extensions.swift */ = {isa = PBXFileReference; lastKnownFileType = sourcecode.swift; path = "UIViewController+Extensions.swift"; sourceTree = "<group>"; };
		CEC27F4B2AA2336400F63D94 /* jsonTestNatife.app */ = {isa = PBXFileReference; explicitFileType = wrapper.application; includeInIndex = 0; path = jsonTestNatife.app; sourceTree = BUILT_PRODUCTS_DIR; };
		CEC27F4E2AA2336400F63D94 /* AppDelegate.swift */ = {isa = PBXFileReference; lastKnownFileType = sourcecode.swift; path = AppDelegate.swift; sourceTree = "<group>"; };
		CEC27F502AA2336400F63D94 /* SceneDelegate.swift */ = {isa = PBXFileReference; lastKnownFileType = sourcecode.swift; path = SceneDelegate.swift; sourceTree = "<group>"; };
		CEC27F572AA2336600F63D94 /* Assets.xcassets */ = {isa = PBXFileReference; lastKnownFileType = folder.assetcatalog; path = Assets.xcassets; sourceTree = "<group>"; };
		CEC27F5A2AA2336600F63D94 /* Base */ = {isa = PBXFileReference; lastKnownFileType = file.storyboard; name = Base; path = Base.lproj/LaunchScreen.storyboard; sourceTree = "<group>"; };
		CEC27F5C2AA2336600F63D94 /* Info.plist */ = {isa = PBXFileReference; lastKnownFileType = text.plist.xml; path = Info.plist; sourceTree = "<group>"; };
		CEC598252AB420200064F27F /* DetailController.swift */ = {isa = PBXFileReference; lastKnownFileType = sourcecode.swift; path = DetailController.swift; sourceTree = "<group>"; };
		CEC598262AB420200064F27F /* DetailController.xib */ = {isa = PBXFileReference; lastKnownFileType = file.xib; path = DetailController.xib; sourceTree = "<group>"; };
		CED612F52AA3D235000ADC64 /* Post.swift */ = {isa = PBXFileReference; lastKnownFileType = sourcecode.swift; path = Post.swift; sourceTree = "<group>"; };
		CEDF5C5F2AA658740051F363 /* PostCell.swift */ = {isa = PBXFileReference; lastKnownFileType = sourcecode.swift; path = PostCell.swift; sourceTree = "<group>"; };
		CEDF5C602AA658740051F363 /* PostCell.xib */ = {isa = PBXFileReference; lastKnownFileType = file.xib; path = PostCell.xib; sourceTree = "<group>"; };
/* End PBXFileReference section */

/* Begin PBXFrameworksBuildPhase section */
		CEC27F482AA2336400F63D94 /* Frameworks */ = {
			isa = PBXFrameworksBuildPhase;
			buildActionMask = 2147483647;
			files = (
			);
			runOnlyForDeploymentPostprocessing = 0;
		};
/* End PBXFrameworksBuildPhase section */

/* Begin PBXGroup section */
		CEB0913C2AA72404002DED03 /* DetailViewController */ = {
			isa = PBXGroup;
			children = (
				CEC598252AB420200064F27F /* DetailController.swift */,
				CEC598262AB420200064F27F /* DetailController.xib */,
				CEB2893E2AAF9D00003D2599 /* PostDetailsViewModel.swift */,
			);
			path = DetailViewController;
			sourceTree = "<group>";
		};
		CEB2893D2AAF9ABE003D2599 /* PostCell */ = {
			isa = PBXGroup;
			children = (
				CEDF5C5F2AA658740051F363 /* PostCell.swift */,
				CEDF5C602AA658740051F363 /* PostCell.xib */,
			);
			path = PostCell;
			sourceTree = "<group>";
		};
		CEB289452AAF9F2D003D2599 /* Utils */ = {
			isa = PBXGroup;
			children = (
				CEB289462AAF9F61003D2599 /* UIViewController+Extensions.swift */,
				CEB2893B2AAF9AA4003D2599 /* EndpointProvider.swift */,
			);
			path = Utils;
			sourceTree = "<group>";
		};
		CEC27F422AA2336400F63D94 = {
			isa = PBXGroup;
			children = (
				CEC27F4D2AA2336400F63D94 /* jsonTestNatife */,
				CEC27F4C2AA2336400F63D94 /* Products */,
			);
			sourceTree = "<group>";
		};
		CEC27F4C2AA2336400F63D94 /* Products */ = {
			isa = PBXGroup;
			children = (
				CEC27F4B2AA2336400F63D94 /* jsonTestNatife.app */,
			);
			name = Products;
			sourceTree = "<group>";
		};
		CEC27F4D2AA2336400F63D94 /* jsonTestNatife */ = {
			isa = PBXGroup;
			children = (
				CEDF5C642AA658EC0051F363 /* PostsScreen */,
				CEB0913C2AA72404002DED03 /* DetailViewController */,
				CED612F42AA3D1ED000ADC64 /* Models */,
				CED3CF4D2AA36298007A1BF4 /* Resources */,
				CED3CF4C2AA36278007A1BF4 /* Application */,
				CEB289452AAF9F2D003D2599 /* Utils */,
			);
			path = jsonTestNatife;
			sourceTree = "<group>";
		};
		CED3CF4C2AA36278007A1BF4 /* Application */ = {
			isa = PBXGroup;
			children = (
				CEC27F4E2AA2336400F63D94 /* AppDelegate.swift */,
				CEC27F502AA2336400F63D94 /* SceneDelegate.swift */,
			);
			path = Application;
			sourceTree = "<group>";
		};
		CED3CF4D2AA36298007A1BF4 /* Resources */ = {
			isa = PBXGroup;
			children = (
				CEC27F572AA2336600F63D94 /* Assets.xcassets */,
				CEC27F592AA2336600F63D94 /* LaunchScreen.storyboard */,
				CEC27F5C2AA2336600F63D94 /* Info.plist */,
			);
			path = Resources;
			sourceTree = "<group>";
		};
		CED612F42AA3D1ED000ADC64 /* Models */ = {
			isa = PBXGroup;
			children = (
				CED612F52AA3D235000ADC64 /* Post.swift */,
				CEB289402AAF9E2E003D2599 /* PostResponse.swift */,
				CEB289422AAF9E54003D2599 /* PostDetailsResponse.swift */,
			);
			path = Models;
			sourceTree = "<group>";
		};
		CEDF5C642AA658EC0051F363 /* PostsScreen */ = {
			isa = PBXGroup;
			children = (
				CEB2893D2AAF9ABE003D2599 /* PostCell */,
				CEB289392AAF9A72003D2599 /* PostsViewModel.swift */,
				CEB289352AAF9825003D2599 /* PostsViewController.swift */,
				CEB289362AAF9825003D2599 /* PostsViewController.xib */,
			);
			path = PostsScreen;
			sourceTree = "<group>";
		};
/* End PBXGroup section */

/* Begin PBXNativeTarget section */
		CEC27F4A2AA2336400F63D94 /* jsonTestNatife */ = {
			isa = PBXNativeTarget;
			buildConfigurationList = CEC27F5F2AA2336600F63D94 /* Build configuration list for PBXNativeTarget "jsonTestNatife" */;
			buildPhases = (
				CEC27F472AA2336400F63D94 /* Sources */,
				CEC27F482AA2336400F63D94 /* Frameworks */,
				CEC27F492AA2336400F63D94 /* Resources */,
			);
			buildRules = (
			);
			dependencies = (
			);
			name = jsonTestNatife;
			productName = jsonTestNatife;
			productReference = CEC27F4B2AA2336400F63D94 /* jsonTestNatife.app */;
			productType = "com.apple.product-type.application";
		};
/* End PBXNativeTarget section */

/* Begin PBXProject section */
		CEC27F432AA2336400F63D94 /* Project object */ = {
			isa = PBXProject;
			attributes = {
				BuildIndependentTargetsInParallel = 1;
				LastSwiftUpdateCheck = 1430;
				LastUpgradeCheck = 1430;
				TargetAttributes = {
					CEC27F4A2AA2336400F63D94 = {
						CreatedOnToolsVersion = 14.3;
					};
				};
			};
			buildConfigurationList = CEC27F462AA2336400F63D94 /* Build configuration list for PBXProject "jsonTestNatife" */;
			compatibilityVersion = "Xcode 14.0";
			developmentRegion = en;
			hasScannedForEncodings = 0;
			knownRegions = (
				en,
				Base,
			);
			mainGroup = CEC27F422AA2336400F63D94;
			productRefGroup = CEC27F4C2AA2336400F63D94 /* Products */;
			projectDirPath = "";
			projectRoot = "";
			targets = (
				CEC27F4A2AA2336400F63D94 /* jsonTestNatife */,
			);
		};
/* End PBXProject section */

/* Begin PBXResourcesBuildPhase section */
		CEC27F492AA2336400F63D94 /* Resources */ = {
			isa = PBXResourcesBuildPhase;
			buildActionMask = 2147483647;
			files = (
				CEC27F5B2AA2336600F63D94 /* LaunchScreen.storyboard in Resources */,
				CEDF5C622AA658740051F363 /* PostCell.xib in Resources */,
				CEC27F582AA2336600F63D94 /* Assets.xcassets in Resources */,
				CEC598282AB420200064F27F /* DetailController.xib in Resources */,
				CEB289382AAF9825003D2599 /* PostsViewController.xib in Resources */,
			);
			runOnlyForDeploymentPostprocessing = 0;
		};
/* End PBXResourcesBuildPhase section */

/* Begin PBXSourcesBuildPhase section */
		CEC27F472AA2336400F63D94 /* Sources */ = {
			isa = PBXSourcesBuildPhase;
			buildActionMask = 2147483647;
			files = (
				CEB2893F2AAF9D00003D2599 /* PostDetailsViewModel.swift in Sources */,
				CEB2893C2AAF9AA4003D2599 /* EndpointProvider.swift in Sources */,
				CEB289412AAF9E2E003D2599 /* PostResponse.swift in Sources */,
				CEB289472AAF9F61003D2599 /* UIViewController+Extensions.swift in Sources */,
				CEB289372AAF9825003D2599 /* PostsViewController.swift in Sources */,
				CEC27F4F2AA2336400F63D94 /* AppDelegate.swift in Sources */,
				CEC598272AB420200064F27F /* DetailController.swift in Sources */,
				CEB289432AAF9E54003D2599 /* PostDetailsResponse.swift in Sources */,
				CEB2893A2AAF9A72003D2599 /* PostsViewModel.swift in Sources */,
				CEC27F512AA2336400F63D94 /* SceneDelegate.swift in Sources */,
				CED612F62AA3D235000ADC64 /* Post.swift in Sources */,
				CEDF5C612AA658740051F363 /* PostCell.swift in Sources */,
			);
			runOnlyForDeploymentPostprocessing = 0;
		};
/* End PBXSourcesBuildPhase section */

/* Begin PBXVariantGroup section */
		CEC27F592AA2336600F63D94 /* LaunchScreen.storyboard */ = {
			isa = PBXVariantGroup;
			children = (
				CEC27F5A2AA2336600F63D94 /* Base */,
			);
			name = LaunchScreen.storyboard;
			sourceTree = "<group>";
		};
/* End PBXVariantGroup section */

/* Begin XCBuildConfiguration section */
		CEC27F5D2AA2336600F63D94 /* Debug */ = {
			isa = XCBuildConfiguration;
			buildSettings = {
				ALWAYS_SEARCH_USER_PATHS = NO;
				CLANG_ANALYZER_NONNULL = YES;
				CLANG_ANALYZER_NUMBER_OBJECT_CONVERSION = YES_AGGRESSIVE;
				CLANG_CXX_LANGUAGE_STANDARD = "gnu++20";
				CLANG_ENABLE_MODULES = YES;
				CLANG_ENABLE_OBJC_ARC = YES;
				CLANG_ENABLE_OBJC_WEAK = YES;
				CLANG_WARN_BLOCK_CAPTURE_AUTORELEASING = YES;
				CLANG_WARN_BOOL_CONVERSION = YES;
				CLANG_WARN_COMMA = YES;
				CLANG_WARN_CONSTANT_CONVERSION = YES;
				CLANG_WARN_DEPRECATED_OBJC_IMPLEMENTATIONS = YES;
				CLANG_WARN_DIRECT_OBJC_ISA_USAGE = YES_ERROR;
				CLANG_WARN_DOCUMENTATION_COMMENTS = YES;
				CLANG_WARN_EMPTY_BODY = YES;
				CLANG_WARN_ENUM_CONVERSION = YES;
				CLANG_WARN_INFINITE_RECURSION = YES;
				CLANG_WARN_INT_CONVERSION = YES;
				CLANG_WARN_NON_LITERAL_NULL_CONVERSION = YES;
				CLANG_WARN_OBJC_IMPLICIT_RETAIN_SELF = YES;
				CLANG_WARN_OBJC_LITERAL_CONVERSION = YES;
				CLANG_WARN_OBJC_ROOT_CLASS = YES_ERROR;
				CLANG_WARN_QUOTED_INCLUDE_IN_FRAMEWORK_HEADER = YES;
				CLANG_WARN_RANGE_LOOP_ANALYSIS = YES;
				CLANG_WARN_STRICT_PROTOTYPES = YES;
				CLANG_WARN_SUSPICIOUS_MOVE = YES;
				CLANG_WARN_UNGUARDED_AVAILABILITY = YES_AGGRESSIVE;
				CLANG_WARN_UNREACHABLE_CODE = YES;
				CLANG_WARN__DUPLICATE_METHOD_MATCH = YES;
				COPY_PHASE_STRIP = NO;
				DEBUG_INFORMATION_FORMAT = dwarf;
				ENABLE_STRICT_OBJC_MSGSEND = YES;
				ENABLE_TESTABILITY = YES;
				GCC_C_LANGUAGE_STANDARD = gnu11;
				GCC_DYNAMIC_NO_PIC = NO;
				GCC_NO_COMMON_BLOCKS = YES;
				GCC_OPTIMIZATION_LEVEL = 0;
				GCC_PREPROCESSOR_DEFINITIONS = (
					"DEBUG=1",
					"$(inherited)",
				);
				GCC_WARN_64_TO_32_BIT_CONVERSION = YES;
				GCC_WARN_ABOUT_RETURN_TYPE = YES_ERROR;
				GCC_WARN_UNDECLARED_SELECTOR = YES;
				GCC_WARN_UNINITIALIZED_AUTOS = YES_AGGRESSIVE;
				GCC_WARN_UNUSED_FUNCTION = YES;
				GCC_WARN_UNUSED_VARIABLE = YES;
				IPHONEOS_DEPLOYMENT_TARGET = 16.4;
				MTL_ENABLE_DEBUG_INFO = INCLUDE_SOURCE;
				MTL_FAST_MATH = YES;
				ONLY_ACTIVE_ARCH = YES;
				SDKROOT = iphoneos;
				SWIFT_ACTIVE_COMPILATION_CONDITIONS = DEBUG;
				SWIFT_OPTIMIZATION_LEVEL = "-Onone";
			};
			name = Debug;
		};
		CEC27F5E2AA2336600F63D94 /* Release */ = {
			isa = XCBuildConfiguration;
			buildSettings = {
				ALWAYS_SEARCH_USER_PATHS = NO;
				CLANG_ANALYZER_NONNULL = YES;
				CLANG_ANALYZER_NUMBER_OBJECT_CONVERSION = YES_AGGRESSIVE;
				CLANG_CXX_LANGUAGE_STANDARD = "gnu++20";
				CLANG_ENABLE_MODULES = YES;
				CLANG_ENABLE_OBJC_ARC = YES;
				CLANG_ENABLE_OBJC_WEAK = YES;
				CLANG_WARN_BLOCK_CAPTURE_AUTORELEASING = YES;
				CLANG_WARN_BOOL_CONVERSION = YES;
				CLANG_WARN_COMMA = YES;
				CLANG_WARN_CONSTANT_CONVERSION = YES;
				CLANG_WARN_DEPRECATED_OBJC_IMPLEMENTATIONS = YES;
				CLANG_WARN_DIRECT_OBJC_ISA_USAGE = YES_ERROR;
				CLANG_WARN_DOCUMENTATION_COMMENTS = YES;
				CLANG_WARN_EMPTY_BODY = YES;
				CLANG_WARN_ENUM_CONVERSION = YES;
				CLANG_WARN_INFINITE_RECURSION = YES;
				CLANG_WARN_INT_CONVERSION = YES;
				CLANG_WARN_NON_LITERAL_NULL_CONVERSION = YES;
				CLANG_WARN_OBJC_IMPLICIT_RETAIN_SELF = YES;
				CLANG_WARN_OBJC_LITERAL_CONVERSION = YES;
				CLANG_WARN_OBJC_ROOT_CLASS = YES_ERROR;
				CLANG_WARN_QUOTED_INCLUDE_IN_FRAMEWORK_HEADER = YES;
				CLANG_WARN_RANGE_LOOP_ANALYSIS = YES;
				CLANG_WARN_STRICT_PROTOTYPES = YES;
				CLANG_WARN_SUSPICIOUS_MOVE = YES;
				CLANG_WARN_UNGUARDED_AVAILABILITY = YES_AGGRESSIVE;
				CLANG_WARN_UNREACHABLE_CODE = YES;
				CLANG_WARN__DUPLICATE_METHOD_MATCH = YES;
				COPY_PHASE_STRIP = NO;
				DEBUG_INFORMATION_FORMAT = "dwarf-with-dsym";
				ENABLE_NS_ASSERTIONS = NO;
				ENABLE_STRICT_OBJC_MSGSEND = YES;
				GCC_C_LANGUAGE_STANDARD = gnu11;
				GCC_NO_COMMON_BLOCKS = YES;
				GCC_WARN_64_TO_32_BIT_CONVERSION = YES;
				GCC_WARN_ABOUT_RETURN_TYPE = YES_ERROR;
				GCC_WARN_UNDECLARED_SELECTOR = YES;
				GCC_WARN_UNINITIALIZED_AUTOS = YES_AGGRESSIVE;
				GCC_WARN_UNUSED_FUNCTION = YES;
				GCC_WARN_UNUSED_VARIABLE = YES;
				IPHONEOS_DEPLOYMENT_TARGET = 16.4;
				MTL_ENABLE_DEBUG_INFO = NO;
				MTL_FAST_MATH = YES;
				SDKROOT = iphoneos;
				SWIFT_COMPILATION_MODE = wholemodule;
				SWIFT_OPTIMIZATION_LEVEL = "-O";
				VALIDATE_PRODUCT = YES;
			};
			name = Release;
		};
		CEC27F602AA2336600F63D94 /* Debug */ = {
			isa = XCBuildConfiguration;
			buildSettings = {
				ASSETCATALOG_COMPILER_APPICON_NAME = AppIcon;
				ASSETCATALOG_COMPILER_GLOBAL_ACCENT_COLOR_NAME = AccentColor;
				CODE_SIGN_STYLE = Automatic;
				CURRENT_PROJECT_VERSION = 1;
				DEVELOPMENT_TEAM = 65DPF7M952;
				GENERATE_INFOPLIST_FILE = YES;
				INFOPLIST_FILE = jsonTestNatife/Resources/Info.plist;
				INFOPLIST_KEY_UIApplicationSupportsIndirectInputEvents = YES;
				INFOPLIST_KEY_UILaunchStoryboardName = LaunchScreen;
				INFOPLIST_KEY_UISupportedInterfaceOrientations_iPad = "UIInterfaceOrientationPortrait UIInterfaceOrientationPortraitUpsideDown UIInterfaceOrientationLandscapeLeft UIInterfaceOrientationLandscapeRight";
				INFOPLIST_KEY_UISupportedInterfaceOrientations_iPhone = "UIInterfaceOrientationPortrait UIInterfaceOrientationLandscapeLeft UIInterfaceOrientationLandscapeRight";
				LD_RUNPATH_SEARCH_PATHS = (
					"$(inherited)",
					"@executable_path/Frameworks",
				);
				MARKETING_VERSION = 1.0;
				PRODUCT_BUNDLE_IDENTIFIER = com.example.jsonTestNatife;
				PRODUCT_NAME = "$(TARGET_NAME)";
				SWIFT_EMIT_LOC_STRINGS = YES;
				SWIFT_VERSION = 5.0;
				TARGETED_DEVICE_FAMILY = "1,2";
			};
			name = Debug;
		};
		CEC27F612AA2336600F63D94 /* Release */ = {
			isa = XCBuildConfiguration;
			buildSettings = {
				ASSETCATALOG_COMPILER_APPICON_NAME = AppIcon;
				ASSETCATALOG_COMPILER_GLOBAL_ACCENT_COLOR_NAME = AccentColor;
				CODE_SIGN_STYLE = Automatic;
				CURRENT_PROJECT_VERSION = 1;
				DEVELOPMENT_TEAM = 65DPF7M952;
				GENERATE_INFOPLIST_FILE = YES;
				INFOPLIST_FILE = jsonTestNatife/Resources/Info.plist;
				INFOPLIST_KEY_UIApplicationSupportsIndirectInputEvents = YES;
				INFOPLIST_KEY_UILaunchStoryboardName = LaunchScreen;
				INFOPLIST_KEY_UISupportedInterfaceOrientations_iPad = "UIInterfaceOrientationPortrait UIInterfaceOrientationPortraitUpsideDown UIInterfaceOrientationLandscapeLeft UIInterfaceOrientationLandscapeRight";
				INFOPLIST_KEY_UISupportedInterfaceOrientations_iPhone = "UIInterfaceOrientationPortrait UIInterfaceOrientationLandscapeLeft UIInterfaceOrientationLandscapeRight";
				LD_RUNPATH_SEARCH_PATHS = (
					"$(inherited)",
					"@executable_path/Frameworks",
				);
				MARKETING_VERSION = 1.0;
				PRODUCT_BUNDLE_IDENTIFIER = com.example.jsonTestNatife;
				PRODUCT_NAME = "$(TARGET_NAME)";
				SWIFT_EMIT_LOC_STRINGS = YES;
				SWIFT_VERSION = 5.0;
				TARGETED_DEVICE_FAMILY = "1,2";
			};
			name = Release;
		};
/* End XCBuildConfiguration section */

/* Begin XCConfigurationList section */
		CEC27F462AA2336400F63D94 /* Build configuration list for PBXProject "jsonTestNatife" */ = {
			isa = XCConfigurationList;
			buildConfigurations = (
				CEC27F5D2AA2336600F63D94 /* Debug */,
				CEC27F5E2AA2336600F63D94 /* Release */,
			);
			defaultConfigurationIsVisible = 0;
			defaultConfigurationName = Release;
		};
		CEC27F5F2AA2336600F63D94 /* Build configuration list for PBXNativeTarget "jsonTestNatife" */ = {
			isa = XCConfigurationList;
			buildConfigurations = (
				CEC27F602AA2336600F63D94 /* Debug */,
				CEC27F612AA2336600F63D94 /* Release */,
			);
			defaultConfigurationIsVisible = 0;
			defaultConfigurationName = Release;
		};
/* End XCConfigurationList section */
	};
	rootObject = CEC27F432AA2336400F63D94 /* Project object */;
}
